
Microsoft Visual Studio Solution File, Format Version 12.00
# Visual Studio Version 17
VisualStudioVersion = 17.5.33516.290
MinimumVisualStudioVersion = 10.0.40219.1
Project("{2150E333-8FDC-42A3-9474-1A3956D46DE8}") = "1.", "1.", "{5A30130C-2D18-4183-8D40-3B54DC818393}"
EndProject
Project("{2150E333-8FDC-42A3-9474-1A3956D46DE8}") = "2.", "2.", "{CCC956DB-25A8-45EB-832E-CC7DE9438D90}"
EndProject
Project("{2150E333-8FDC-42A3-9474-1A3956D46DE8}") = "3.", "3.", "{BA891AF1-1D89-45E1-9887-F03549CC8C93}"
EndProject
Global
	GlobalSection(SolutionProperties) = preSolution
		HideSolutionNode = FALSE
	EndGlobalSection
	GlobalSection(ExtensibilityGlobals) = postSolution
		SolutionGuid = {DA291122-2863-454D-A3AB-0518D194523A}
	EndGlobalSection
EndGlobal
